
Microsoft Visual Studio Solution File, Format Version 12.00
# Visual Studio 2013
VisualStudioVersion = 12.0.21005.1
MinimumVisualStudioVersion = 10.0.40219.1
Project("{FAE04EC0-301F-11D3-BF4B-00C04F79EFBC}") = "MellowColorUI", "MellowColorUI\MellowColorUI.csproj", "{24145BCD-FA5A-4877-AF83-B3CC69F9EF49}"
EndProject
Project("{FAE04EC0-301F-11D3-BF4B-00C04F79EFBC}") = "ModelLibrary", "ModelLibrary\ModelLibrary.csproj", "{DCF902E6-2715-44F5-BA56-1DDFBF5CAF48}"
EndProject
Project("{FAE04EC0-301F-11D3-BF4B-00C04F79EFBC}") = "DataAccessLibrary", "DataAccessLibrary\DataAccessLibrary.csproj", "{E5E79FAD-13EE-4A4F-BF26-F9B9480D875B}"
EndProject
Global
	GlobalSection(SolutionConfigurationPlatforms) = preSolution
		Debug|Any CPU = Debug|Any CPU
		Release|Any CPU = Release|Any CPU
	EndGlobalSection
	GlobalSection(ProjectConfigurationPlatforms) = postSolution
		{24145BCD-FA5A-4877-AF83-B3CC69F9EF49}.Debug|Any CPU.ActiveCfg = Debug|Any CPU
		{24145BCD-FA5A-4877-AF83-B3CC69F9EF49}.Debug|Any CPU.Build.0 = Debug|Any CPU
		{24145BCD-FA5A-4877-AF83-B3CC69F9EF49}.Release|Any CPU.ActiveCfg = Release|Any CPU
		{24145BCD-FA5A-4877-AF83-B3CC69F9EF49}.Release|Any CPU.Build.0 = Release|Any CPU
		{DCF902E6-2715-44F5-BA56-1DDFBF5CAF48}.Debug|Any CPU.ActiveCfg = Debug|Any CPU
		{DCF902E6-2715-44F5-BA56-1DDFBF5CAF48}.Debug|Any CPU.Build.0 = Debug|Any CPU
		{DCF902E6-2715-44F5-BA56-1DDFBF5CAF48}.Release|Any CPU.ActiveCfg = Release|Any CPU
		{DCF902E6-2715-44F5-BA56-1DDFBF5CAF48}.Release|Any CPU.Build.0 = Release|Any CPU
		{E5E79FAD-13EE-4A4F-BF26-F9B9480D875B}.Debug|Any CPU.ActiveCfg = Debug|Any CPU
		{E5E79FAD-13EE-4A4F-BF26-F9B9480D875B}.Debug|Any CPU.Build.0 = Debug|Any CPU
		{E5E79FAD-13EE-4A4F-BF26-F9B9480D875B}.Release|Any CPU.ActiveCfg = Release|Any CPU
		{E5E79FAD-13EE-4A4F-BF26-F9B9480D875B}.Release|Any CPU.Build.0 = Release|Any CPU
	EndGlobalSection
	GlobalSection(SolutionProperties) = preSolution
		HideSolutionNode = FALSE
	EndGlobalSection
EndGlobal
